
Microsoft Visual Studio Solution File, Format Version 12.00
# Visual Studio Version 17
VisualStudioVersion = 17.8.34330.188
MinimumVisualStudioVersion = 10.0.40219.1
Project("{888888A0-9F3D-457C-B088-3A5042F75D52}") = "AI Snake Game Python RIME 23 MUNEEB IMRAN 450282", "AI Snake Game Python RIME 23 MUNEEB IMRAN 450282.pyproj", "{5B1F7DEC-7DC8-4245-ADB5-931D26078C16}"
EndProject
Global
	GlobalSection(SolutionConfigurationPlatforms) = preSolution
		Debug|Any CPU = Debug|Any CPU
		Release|Any CPU = Release|Any CPU
	EndGlobalSection
	GlobalSection(ProjectConfigurationPlatforms) = postSolution
		{5B1F7DEC-7DC8-4245-ADB5-931D26078C16}.Debug|Any CPU.ActiveCfg = Debug|Any CPU
		{5B1F7DEC-7DC8-4245-ADB5-931D26078C16}.Release|Any CPU.ActiveCfg = Release|Any CPU
	EndGlobalSection
	GlobalSection(SolutionProperties) = preSolution
		HideSolutionNode = FALSE
	EndGlobalSection
	GlobalSection(ExtensibilityGlobals) = postSolution
		SolutionGuid = {762854E8-DFDC-4EA5-BD6D-98F3C59A87E2}
	EndGlobalSection
EndGlobal
